
Microsoft Visual Studio Solution File, Format Version 12.00
# Visual Studio Version 17
VisualStudioVersion = 17.14.36109.1 d17.14
MinimumVisualStudioVersion = 10.0.40219.1
Project("{FAE04EC0-301F-11D3-BF4B-00C04F79EFBC}") = "Пр8.1", "Пр8.1\Пр8.1.csproj", "{BE660D16-CFF6-4AFF-B788-D1BCE973CE42}"
EndProject
Global
	GlobalSection(SolutionConfigurationPlatforms) = preSolution
		Debug|Any CPU = Debug|Any CPU
		Release|Any CPU = Release|Any CPU
	EndGlobalSection
	GlobalSection(ProjectConfigurationPlatforms) = postSolution
		{BE660D16-CFF6-4AFF-B788-D1BCE973CE42}.Debug|Any CPU.ActiveCfg = Debug|Any CPU
		{BE660D16-CFF6-4AFF-B788-D1BCE973CE42}.Debug|Any CPU.Build.0 = Debug|Any CPU
		{BE660D16-CFF6-4AFF-B788-D1BCE973CE42}.Release|Any CPU.ActiveCfg = Release|Any CPU
		{BE660D16-CFF6-4AFF-B788-D1BCE973CE42}.Release|Any CPU.Build.0 = Release|Any CPU
	EndGlobalSection
	GlobalSection(SolutionProperties) = preSolution
		HideSolutionNode = FALSE
	EndGlobalSection
	GlobalSection(ExtensibilityGlobals) = postSolution
		SolutionGuid = {F34EEB75-339C-415E-B9D4-66096B051CF9}
	EndGlobalSection
EndGlobal
